
Microsoft Visual Studio Solution File, Format Version 12.00
# Visual Studio Version 16
VisualStudioVersion = 16.0.31729.503
MinimumVisualStudioVersion = 10.0.40219.1
Project("{FAE04EC0-301F-11D3-BF4B-00C04F79EFBC}") = "MZPO", "MZPO\MZPO.csproj", "{4430CAD7-73C3-4012-AF0E-63C97F4F2B24}"
EndProject
Project("{FAE04EC0-301F-11D3-BF4B-00C04F79EFBC}") = "AmoRepository", "AmoRepository\AmoRepository.csproj", "{9015C5DA-90C7-4484-B09A-1D918CB3080C}"
EndProject
Project("{FAE04EC0-301F-11D3-BF4B-00C04F79EFBC}") = "DBRepository", "DBRepository\DBRepository.csproj", "{B37406B3-1E0A-4E51-8817-CF36E9A7D944}"
EndProject
Project("{FAE04EC0-301F-11D3-BF4B-00C04F79EFBC}") = "Integration1C", "Integration1C\Integration1C.csproj", "{11D9C1B3-9421-4D2B-BA4A-75B19088142F}"
EndProject
Project("{FAE04EC0-301F-11D3-BF4B-00C04F79EFBC}") = "LeadProcessors", "LeadProcessors\LeadProcessors.csproj", "{21A2D2CC-E006-4C4B-8F74-62BF704E0EAC}"
EndProject
Project("{FAE04EC0-301F-11D3-BF4B-00C04F79EFBC}") = "ReportProcessors", "ReportProcessors\ReportProcessors.csproj", "{BBF37388-14C2-43AE-BBC0-2CF2D241E386}"
EndProject
Project("{FAE04EC0-301F-11D3-BF4B-00C04F79EFBC}") = "Services", "Services\Services.csproj", "{D97ACC1D-0CE6-4F88-8BA1-047E1B25C7BF}"
EndProject
Project("{FAE04EC0-301F-11D3-BF4B-00C04F79EFBC}") = "ucheba.ru", "ucheba.ru\ucheba.ru.csproj", "{D076E8BA-55D7-4DC9-A12C-48EB8E22D939}"
EndProject
Global
	GlobalSection(SolutionConfigurationPlatforms) = preSolution
		Debug|Any CPU = Debug|Any CPU
		Release|Any CPU = Release|Any CPU
	EndGlobalSection
	GlobalSection(ProjectConfigurationPlatforms) = postSolution
		{4430CAD7-73C3-4012-AF0E-63C97F4F2B24}.Debug|Any CPU.ActiveCfg = Debug|Any CPU
		{4430CAD7-73C3-4012-AF0E-63C97F4F2B24}.Debug|Any CPU.Build.0 = Debug|Any CPU
		{4430CAD7-73C3-4012-AF0E-63C97F4F2B24}.Release|Any CPU.ActiveCfg = Release|Any CPU
		{4430CAD7-73C3-4012-AF0E-63C97F4F2B24}.Release|Any CPU.Build.0 = Release|Any CPU
		{9015C5DA-90C7-4484-B09A-1D918CB3080C}.Debug|Any CPU.ActiveCfg = Debug|Any CPU
		{9015C5DA-90C7-4484-B09A-1D918CB3080C}.Debug|Any CPU.Build.0 = Debug|Any CPU
		{9015C5DA-90C7-4484-B09A-1D918CB3080C}.Release|Any CPU.ActiveCfg = Release|Any CPU
		{9015C5DA-90C7-4484-B09A-1D918CB3080C}.Release|Any CPU.Build.0 = Release|Any CPU
		{B37406B3-1E0A-4E51-8817-CF36E9A7D944}.Debug|Any CPU.ActiveCfg = Debug|Any CPU
		{B37406B3-1E0A-4E51-8817-CF36E9A7D944}.Debug|Any CPU.Build.0 = Debug|Any CPU
		{B37406B3-1E0A-4E51-8817-CF36E9A7D944}.Release|Any CPU.ActiveCfg = Release|Any CPU
		{B37406B3-1E0A-4E51-8817-CF36E9A7D944}.Release|Any CPU.Build.0 = Release|Any CPU
		{11D9C1B3-9421-4D2B-BA4A-75B19088142F}.Debug|Any CPU.ActiveCfg = Debug|Any CPU
		{11D9C1B3-9421-4D2B-BA4A-75B19088142F}.Debug|Any CPU.Build.0 = Debug|Any CPU
		{11D9C1B3-9421-4D2B-BA4A-75B19088142F}.Release|Any CPU.ActiveCfg = Release|Any CPU
		{11D9C1B3-9421-4D2B-BA4A-75B19088142F}.Release|Any CPU.Build.0 = Release|Any CPU
		{21A2D2CC-E006-4C4B-8F74-62BF704E0EAC}.Debug|Any CPU.ActiveCfg = Debug|Any CPU
		{21A2D2CC-E006-4C4B-8F74-62BF704E0EAC}.Debug|Any CPU.Build.0 = Debug|Any CPU
		{21A2D2CC-E006-4C4B-8F74-62BF704E0EAC}.Release|Any CPU.ActiveCfg = Release|Any CPU
		{21A2D2CC-E006-4C4B-8F74-62BF704E0EAC}.Release|Any CPU.Build.0 = Release|Any CPU
		{BBF37388-14C2-43AE-BBC0-2CF2D241E386}.Debug|Any CPU.ActiveCfg = Debug|Any CPU
		{BBF37388-14C2-43AE-BBC0-2CF2D241E386}.Debug|Any CPU.Build.0 = Debug|Any CPU
		{BBF37388-14C2-43AE-BBC0-2CF2D241E386}.Release|Any CPU.ActiveCfg = Release|Any CPU
		{BBF37388-14C2-43AE-BBC0-2CF2D241E386}.Release|Any CPU.Build.0 = Release|Any CPU
		{D97ACC1D-0CE6-4F88-8BA1-047E1B25C7BF}.Debug|Any CPU.ActiveCfg = Debug|Any CPU
		{D97ACC1D-0CE6-4F88-8BA1-047E1B25C7BF}.Debug|Any CPU.Build.0 = Debug|Any CPU
		{D97ACC1D-0CE6-4F88-8BA1-047E1B25C7BF}.Release|Any CPU.ActiveCfg = Release|Any CPU
		{D97ACC1D-0CE6-4F88-8BA1-047E1B25C7BF}.Release|Any CPU.Build.0 = Release|Any CPU
		{D076E8BA-55D7-4DC9-A12C-48EB8E22D939}.Debug|Any CPU.ActiveCfg = Debug|Any CPU
		{D076E8BA-55D7-4DC9-A12C-48EB8E22D939}.Debug|Any CPU.Build.0 = Debug|Any CPU
		{D076E8BA-55D7-4DC9-A12C-48EB8E22D939}.Release|Any CPU.ActiveCfg = Release|Any CPU
		{D076E8BA-55D7-4DC9-A12C-48EB8E22D939}.Release|Any CPU.Build.0 = Release|Any CPU
	EndGlobalSection
	GlobalSection(SolutionProperties) = preSolution
		HideSolutionNode = FALSE
	EndGlobalSection
	GlobalSection(ExtensibilityGlobals) = postSolution
		SolutionGuid = {8029C710-B930-49B9-AD42-56209204FDD4}
	EndGlobalSection
EndGlobal
